
Microsoft Visual Studio Solution File, Format Version 12.00
# Visual Studio Version 16
VisualStudioVersion = 16.0.31410.357
MinimumVisualStudioVersion = 10.0.40219.1
Project("{FAE04EC0-301F-11D3-BF4B-00C04F79EFBC}") = "stoktakip", "stoktakip\stoktakip.csproj", "{2A3C3D7B-DF2E-4B1B-A7CB-C71A881F391B}"
EndProject
Global
	GlobalSection(SolutionConfigurationPlatforms) = preSolution
		Debug|Any CPU = Debug|Any CPU
		Release|Any CPU = Release|Any CPU
	EndGlobalSection
	GlobalSection(ProjectConfigurationPlatforms) = postSolution
		{2A3C3D7B-DF2E-4B1B-A7CB-C71A881F391B}.Debug|Any CPU.ActiveCfg = Debug|Any CPU
		{2A3C3D7B-DF2E-4B1B-A7CB-C71A881F391B}.Debug|Any CPU.Build.0 = Debug|Any CPU
		{2A3C3D7B-DF2E-4B1B-A7CB-C71A881F391B}.Release|Any CPU.ActiveCfg = Release|Any CPU
		{2A3C3D7B-DF2E-4B1B-A7CB-C71A881F391B}.Release|Any CPU.Build.0 = Release|Any CPU
	EndGlobalSection
	GlobalSection(SolutionProperties) = preSolution
		HideSolutionNode = FALSE
	EndGlobalSection
	GlobalSection(ExtensibilityGlobals) = postSolution
		SolutionGuid = {3C623B3D-61CE-431A-B05E-A3C7DEA70185}
	EndGlobalSection
EndGlobal
